
Microsoft Visual Studio Solution File, Format Version 12.00
# Visual Studio Version 17
VisualStudioVersion = 17.7.34024.191
MinimumVisualStudioVersion = 10.0.40219.1
Project("{FAE04EC0-301F-11D3-BF4B-00C04F79EFBC}") = "Investigation.Shared", "Investigation.Shared\Investigation.Shared.csproj", "{868257F8-E431-4F90-A0AC-66F5992DB1CF}"
EndProject
Project("{FAE04EC0-301F-11D3-BF4B-00C04F79EFBC}") = "Investigation.API", "Investigation.API\Investigation.API.csproj", "{88FEB526-9372-4A87-861C-6BC7490CB78B}"
EndProject
Project("{FAE04EC0-301F-11D3-BF4B-00C04F79EFBC}") = "Investigation.WEB", "Investigation.WEB\Investigation.WEB.csproj", "{C15E9623-211D-4A9C-991F-5A52707E5E3F}"
EndProject
Global
	GlobalSection(SolutionConfigurationPlatforms) = preSolution
		Debug|Any CPU = Debug|Any CPU
		Release|Any CPU = Release|Any CPU
	EndGlobalSection
	GlobalSection(ProjectConfigurationPlatforms) = postSolution
		{868257F8-E431-4F90-A0AC-66F5992DB1CF}.Debug|Any CPU.ActiveCfg = Debug|Any CPU
		{868257F8-E431-4F90-A0AC-66F5992DB1CF}.Debug|Any CPU.Build.0 = Debug|Any CPU
		{868257F8-E431-4F90-A0AC-66F5992DB1CF}.Release|Any CPU.ActiveCfg = Release|Any CPU
		{868257F8-E431-4F90-A0AC-66F5992DB1CF}.Release|Any CPU.Build.0 = Release|Any CPU
		{88FEB526-9372-4A87-861C-6BC7490CB78B}.Debug|Any CPU.ActiveCfg = Debug|Any CPU
		{88FEB526-9372-4A87-861C-6BC7490CB78B}.Debug|Any CPU.Build.0 = Debug|Any CPU
		{88FEB526-9372-4A87-861C-6BC7490CB78B}.Release|Any CPU.ActiveCfg = Release|Any CPU
		{88FEB526-9372-4A87-861C-6BC7490CB78B}.Release|Any CPU.Build.0 = Release|Any CPU
		{C15E9623-211D-4A9C-991F-5A52707E5E3F}.Debug|Any CPU.ActiveCfg = Debug|Any CPU
		{C15E9623-211D-4A9C-991F-5A52707E5E3F}.Debug|Any CPU.Build.0 = Debug|Any CPU
		{C15E9623-211D-4A9C-991F-5A52707E5E3F}.Release|Any CPU.ActiveCfg = Release|Any CPU
		{C15E9623-211D-4A9C-991F-5A52707E5E3F}.Release|Any CPU.Build.0 = Release|Any CPU
	EndGlobalSection
	GlobalSection(SolutionProperties) = preSolution
		HideSolutionNode = FALSE
	EndGlobalSection
	GlobalSection(ExtensibilityGlobals) = postSolution
		SolutionGuid = {6E255CA5-7643-4D51-9406-BE3AD7539BA0}
	EndGlobalSection
EndGlobal
